
Microsoft Visual Studio Solution File, Format Version 12.00
# Visual Studio Version 17
VisualStudioVersion = 17.14.36109.1 d17.14
MinimumVisualStudioVersion = 10.0.40219.1
Project("{FAE04EC0-301F-11D3-BF4B-00C04F79EFBC}") = "RadialMenu", "RadialMenu.csproj", "{8846242F-3F00-D6B3-7E54-96DB4264E3D1}"
EndProject
Global
	GlobalSection(SolutionConfigurationPlatforms) = preSolution
		Debug|Any CPU = Debug|Any CPU
		Release|Any CPU = Release|Any CPU
	EndGlobalSection
	GlobalSection(ProjectConfigurationPlatforms) = postSolution
		{8846242F-3F00-D6B3-7E54-96DB4264E3D1}.Debug|Any CPU.ActiveCfg = Debug|Any CPU
		{8846242F-3F00-D6B3-7E54-96DB4264E3D1}.Debug|Any CPU.Build.0 = Debug|Any CPU
		{8846242F-3F00-D6B3-7E54-96DB4264E3D1}.Release|Any CPU.ActiveCfg = Release|Any CPU
		{8846242F-3F00-D6B3-7E54-96DB4264E3D1}.Release|Any CPU.Build.0 = Release|Any CPU
	EndGlobalSection
	GlobalSection(SolutionProperties) = preSolution
		HideSolutionNode = FALSE
	EndGlobalSection
	GlobalSection(ExtensibilityGlobals) = postSolution
		SolutionGuid = {4D8E8409-A496-46B4-9FE3-84BB48319568}
	EndGlobalSection
EndGlobal
